
Microsoft Visual Studio Solution File, Format Version 12.00
# Visual Studio Version 17
VisualStudioVersion = 17.5.33502.453
MinimumVisualStudioVersion = 10.0.40219.1
Project("{FAE04EC0-301F-11D3-BF4B-00C04F79EFBC}") = "TodoAPI", "TodoAPI\TodoAPI.csproj", "{2A9FB6D5-826D-4C03-9399-EF54409BDDC3}"
EndProject
Global
	GlobalSection(SolutionConfigurationPlatforms) = preSolution
		Debug|Any CPU = Debug|Any CPU
		Release|Any CPU = Release|Any CPU
	EndGlobalSection
	GlobalSection(ProjectConfigurationPlatforms) = postSolution
		{2A9FB6D5-826D-4C03-9399-EF54409BDDC3}.Debug|Any CPU.ActiveCfg = Debug|Any CPU
		{2A9FB6D5-826D-4C03-9399-EF54409BDDC3}.Debug|Any CPU.Build.0 = Debug|Any CPU
		{2A9FB6D5-826D-4C03-9399-EF54409BDDC3}.Release|Any CPU.ActiveCfg = Release|Any CPU
		{2A9FB6D5-826D-4C03-9399-EF54409BDDC3}.Release|Any CPU.Build.0 = Release|Any CPU
	EndGlobalSection
	GlobalSection(SolutionProperties) = preSolution
		HideSolutionNode = FALSE
	EndGlobalSection
	GlobalSection(ExtensibilityGlobals) = postSolution
		SolutionGuid = {6BB0FCCA-71C5-4EEA-BA2E-AC620CD8BD5E}
	EndGlobalSection
EndGlobal
